
Microsoft Visual Studio Solution File, Format Version 12.00
# Visual Studio 15
VisualStudioVersion = 15.0.27428.2027
MinimumVisualStudioVersion = 10.0.40219.1
Project("{FAE04EC0-301F-11D3-BF4B-00C04F79EFBC}") = "CSharpConstructsPartOne", "CSharpConstructsPartOne\CSharpConstructsPartOne.csproj", "{4DB123C4-5EB8-4343-993D-65E2C15DFAF6}"
EndProject
Global
	GlobalSection(SolutionConfigurationPlatforms) = preSolution
		Debug|Any CPU = Debug|Any CPU
		Release|Any CPU = Release|Any CPU
	EndGlobalSection
	GlobalSection(ProjectConfigurationPlatforms) = postSolution
		{4DB123C4-5EB8-4343-993D-65E2C15DFAF6}.Debug|Any CPU.ActiveCfg = Debug|Any CPU
		{4DB123C4-5EB8-4343-993D-65E2C15DFAF6}.Debug|Any CPU.Build.0 = Debug|Any CPU
		{4DB123C4-5EB8-4343-993D-65E2C15DFAF6}.Release|Any CPU.ActiveCfg = Release|Any CPU
		{4DB123C4-5EB8-4343-993D-65E2C15DFAF6}.Release|Any CPU.Build.0 = Release|Any CPU
	EndGlobalSection
	GlobalSection(SolutionProperties) = preSolution
		HideSolutionNode = FALSE
	EndGlobalSection
	GlobalSection(ExtensibilityGlobals) = postSolution
		SolutionGuid = {22335855-F950-4BE7-8FF6-4E3150FEC18E}
	EndGlobalSection
EndGlobal
